
Microsoft Visual Studio Solution File, Format Version 12.00
# Visual Studio Version 16
VisualStudioVersion = 16.0.29806.167
MinimumVisualStudioVersion = 10.0.40219.1
Project("{F184B08F-C81C-45F6-A57F-5ABD9991F28F}") = "DepreciacionesWeb(Proyecto Final)", "DepreciacionesWeb(Proyecto Final)\DepreciacionesWeb(Proyecto Final).vbproj", "{C18EDADB-8C42-4EC1-BC75-A1412AD89CC1}"
EndProject
Project("{F184B08F-C81C-45F6-A57F-5ABD9991F28F}") = "ClaseNegocio", "..\..\..\Downloads\Semana11_Ejercicios\Semana11_Ejercicios\ClaseNegocio\ClaseNegocio.vbproj", "{FBDBA79C-8147-46F8-8433-C41DAC13D142}"
EndProject
Project("{F184B08F-C81C-45F6-A57F-5ABD9991F28F}") = "Clase_BD", "..\..\..\Downloads\Semana11_Ejercicios\Semana11_Ejercicios\Clase_BD\Clase_BD.vbproj", "{351AFE80-02A1-447C-8258-2103312E05E6}"
EndProject
Global
	GlobalSection(SolutionConfigurationPlatforms) = preSolution
		Debug|Any CPU = Debug|Any CPU
		Release|Any CPU = Release|Any CPU
	EndGlobalSection
	GlobalSection(ProjectConfigurationPlatforms) = postSolution
		{C18EDADB-8C42-4EC1-BC75-A1412AD89CC1}.Debug|Any CPU.ActiveCfg = Debug|Any CPU
		{C18EDADB-8C42-4EC1-BC75-A1412AD89CC1}.Debug|Any CPU.Build.0 = Debug|Any CPU
		{C18EDADB-8C42-4EC1-BC75-A1412AD89CC1}.Release|Any CPU.ActiveCfg = Release|Any CPU
		{C18EDADB-8C42-4EC1-BC75-A1412AD89CC1}.Release|Any CPU.Build.0 = Release|Any CPU
		{FBDBA79C-8147-46F8-8433-C41DAC13D142}.Debug|Any CPU.ActiveCfg = Debug|Any CPU
		{FBDBA79C-8147-46F8-8433-C41DAC13D142}.Debug|Any CPU.Build.0 = Debug|Any CPU
		{FBDBA79C-8147-46F8-8433-C41DAC13D142}.Release|Any CPU.ActiveCfg = Release|Any CPU
		{FBDBA79C-8147-46F8-8433-C41DAC13D142}.Release|Any CPU.Build.0 = Release|Any CPU
		{351AFE80-02A1-447C-8258-2103312E05E6}.Debug|Any CPU.ActiveCfg = Debug|Any CPU
		{351AFE80-02A1-447C-8258-2103312E05E6}.Debug|Any CPU.Build.0 = Debug|Any CPU
		{351AFE80-02A1-447C-8258-2103312E05E6}.Release|Any CPU.ActiveCfg = Release|Any CPU
		{351AFE80-02A1-447C-8258-2103312E05E6}.Release|Any CPU.Build.0 = Release|Any CPU
	EndGlobalSection
	GlobalSection(SolutionProperties) = preSolution
		HideSolutionNode = FALSE
	EndGlobalSection
	GlobalSection(ExtensibilityGlobals) = postSolution
		SolutionGuid = {5B7B43D6-3F70-46D0-8562-812FBFD7F22E}
	EndGlobalSection
EndGlobal
